Microsoft Visual Studio Solution File, Format Version 11.00
# Visual Studio 2010
Project("{FAE04EC0-301F-11D3-BF4B-00C04F79EFBC}") = "Assembly-CSharp", "Assembly-CSharp.csproj", "{DFC5E93F-A23E-2D3E-2B6D-46C823F8609E}"
EndProject
Project("{FAE04EC0-301F-11D3-BF4B-00C04F79EFBC}") = "Assembly-CSharp-Editor", "Assembly-CSharp-Editor.csproj", "{86DFB2BF-3AE7-B790-B88A-712524930C11}"
EndProject
Project("{FAE04EC0-301F-11D3-BF4B-00C04F79EFBC}") = "Assembly-CSharp-Editor-firstpass", "Assembly-CSharp-Editor-firstpass.csproj", "{8FD3FF89-144C-7EE6-D4CE-1C1C0AB8F50C}"
EndProject
Global
	GlobalSection(SolutionConfigurationPlatforms) = preSolution
		Debug|Any CPU = Debug|Any CPU
		Release|Any CPU = Release|Any CPU
	EndGlobalSection
	GlobalSection(ProjectConfigurationPlatforms) = postSolution
		{DFC5E93F-A23E-2D3E-2B6D-46C823F8609E}.Debug|Any CPU.ActiveCfg = Debug|Any CPU
		{DFC5E93F-A23E-2D3E-2B6D-46C823F8609E}.Debug|Any CPU.Build.0 = Debug|Any CPU
		{DFC5E93F-A23E-2D3E-2B6D-46C823F8609E}.Release|Any CPU.ActiveCfg = Release|Any CPU
		{DFC5E93F-A23E-2D3E-2B6D-46C823F8609E}.Release|Any CPU.Build.0 = Release|Any CPU
		{86DFB2BF-3AE7-B790-B88A-712524930C11}.Debug|Any CPU.ActiveCfg = Debug|Any CPU
		{86DFB2BF-3AE7-B790-B88A-712524930C11}.Debug|Any CPU.Build.0 = Debug|Any CPU
		{86DFB2BF-3AE7-B790-B88A-712524930C11}.Release|Any CPU.ActiveCfg = Release|Any CPU
		{86DFB2BF-3AE7-B790-B88A-712524930C11}.Release|Any CPU.Build.0 = Release|Any CPU
		{8FD3FF89-144C-7EE6-D4CE-1C1C0AB8F50C}.Debug|Any CPU.ActiveCfg = Debug|Any CPU
		{8FD3FF89-144C-7EE6-D4CE-1C1C0AB8F50C}.Debug|Any CPU.Build.0 = Debug|Any CPU
		{8FD3FF89-144C-7EE6-D4CE-1C1C0AB8F50C}.Release|Any CPU.ActiveCfg = Release|Any CPU
		{8FD3FF89-144C-7EE6-D4CE-1C1C0AB8F50C}.Release|Any CPU.Build.0 = Release|Any CPU
	EndGlobalSection
	GlobalSection(SolutionProperties) = preSolution
		HideSolutionNode = FALSE
	EndGlobalSection
	GlobalSection(MonoDevelopProperties) = preSolution
		StartupItem = Assembly-CSharp.csproj
	EndGlobalSection
EndGlobal
